
Microsoft Visual Studio Solution File, Format Version 12.00
# Visual Studio Version 17
VisualStudioVersion = 17.8.34511.84
MinimumVisualStudioVersion = 10.0.40219.1
Project("{FAE04EC0-301F-11D3-BF4B-00C04F79EFBC}") = "Console-App", "Console-App\Console-App.csproj", "{C7A1D1F5-6EE0-4043-B9E4-F13B132BAC68}"
EndProject
Global
	GlobalSection(SolutionConfigurationPlatforms) = preSolution
		Debug|Any CPU = Debug|Any CPU
		Release|Any CPU = Release|Any CPU
	EndGlobalSection
	GlobalSection(ProjectConfigurationPlatforms) = postSolution
		{C7A1D1F5-6EE0-4043-B9E4-F13B132BAC68}.Debug|Any CPU.ActiveCfg = Debug|Any CPU
		{C7A1D1F5-6EE0-4043-B9E4-F13B132BAC68}.Debug|Any CPU.Build.0 = Debug|Any CPU
		{C7A1D1F5-6EE0-4043-B9E4-F13B132BAC68}.Release|Any CPU.ActiveCfg = Release|Any CPU
		{C7A1D1F5-6EE0-4043-B9E4-F13B132BAC68}.Release|Any CPU.Build.0 = Release|Any CPU
	EndGlobalSection
	GlobalSection(SolutionProperties) = preSolution
		HideSolutionNode = FALSE
	EndGlobalSection
	GlobalSection(ExtensibilityGlobals) = postSolution
		SolutionGuid = {132C6E6A-3485-4668-92CC-503C5B594182}
	EndGlobalSection
EndGlobal
